// !$*UTF8*$!
{
	archiveVersion = 1;
	classes = {
	};
	objectVersion = 51;
	objects = {

/* Begin PBXBuildFile section */
		580FAFCC24DA7265002BBB6F /* LibraryFeatureListViewController.swift in Sources */ = {isa = PBXBuildFile; fileRef = 580FAFCB24DA7265002BBB6F /* LibraryFeatureListViewController.swift */; };
		580FAFD324DAE750002BBB6F /* LibraryFeatures.swift in Sources */ = {isa = PBXBuildFile; fileRef = 580FAFD224DAE750002BBB6F /* LibraryFeatures.swift */; };
		5856FBE824DAEB4200C0C5C7 /* AnalyticsRecordEventViewController.swift in Sources */ = {isa = PBXBuildFile; fileRef = 5856FBE724DAEB4200C0C5C7 /* AnalyticsRecordEventViewController.swift */; };
		5856FBEB24DAECF400C0C5C7 /* LibraryFeatureViewConvertible.swift in Sources */ = {isa = PBXBuildFile; fileRef = 5856FBEA24DAECF400C0C5C7 /* LibraryFeatureViewConvertible.swift */; };
		5856FBEE24DAF21100C0C5C7 /* AnalyticsRecordEventViewController.storyboard in Resources */ = {isa = PBXBuildFile; fileRef = 5856FBED24DAF21100C0C5C7 /* AnalyticsRecordEventViewController.storyboard */; };
		5892378524DA61A6002A59C3 /* definition.json in Resources */ = {isa = PBXBuildFile; fileRef = 5892378424DA61A6002A59C3 /* definition.json */; };
		5892378724DA6257002A59C3 /* SampleDefinition.swift in Sources */ = {isa = PBXBuildFile; fileRef = 5892378624DA6257002A59C3 /* SampleDefinition.swift */; };
		58DA84D924D9B40200E7DF49 /* AppDelegate.swift in Sources */ = {isa = PBXBuildFile; fileRef = 58DA84D824D9B40200E7DF49 /* AppDelegate.swift */; };
		58DA84DB24D9B40200E7DF49 /* SceneDelegate.swift in Sources */ = {isa = PBXBuildFile; fileRef = 58DA84DA24D9B40200E7DF49 /* SceneDelegate.swift */; };
		58DA84DD24D9B40200E7DF49 /* RootViewController.swift in Sources */ = {isa = PBXBuildFile; fileRef = 58DA84DC24D9B40200E7DF49 /* RootViewController.swift */; };
		58DA84E024D9B40200E7DF49 /* Main.storyboard in Resources */ = {isa = PBXBuildFile; fileRef = 58DA84DE24D9B40200E7DF49 /* Main.storyboard */; };
		58DA84E224D9B40600E7DF49 /* Assets.xcassets in Resources */ = {isa = PBXBuildFile; fileRef = 58DA84E124D9B40600E7DF49 /* Assets.xcassets */; };
		58DA84E524D9B40600E7DF49 /* LaunchScreen.storyboard in Resources */ = {isa = PBXBuildFile; fileRef = 58DA84E324D9B40600E7DF49 /* LaunchScreen.storyboard */; };
		58DA84F024D9B40600E7DF49 /* Amplify_iOS_SamplerTests.swift in Sources */ = {isa = PBXBuildFile; fileRef = 58DA84EF24D9B40600E7DF49 /* Amplify_iOS_SamplerTests.swift */; };
		58DA84FB24D9B40600E7DF49 /* Amplify_iOS_SamplerUITests.swift in Sources */ = {isa = PBXBuildFile; fileRef = 58DA84FA24D9B40600E7DF49 /* Amplify_iOS_SamplerUITests.swift */; };
		58DA850B24D9C3B700E7DF49 /* awsconfiguration.json in Resources */ = {isa = PBXBuildFile; fileRef = 58DA850924D9C3B700E7DF49 /* awsconfiguration.json */; };
		58DA850C24D9C3B700E7DF49 /* amplifyconfiguration.json in Resources */ = {isa = PBXBuildFile; fileRef = 58DA850A24D9C3B700E7DF49 /* amplifyconfiguration.json */; };
		9AA868489041937550808DB0 /* Pods_Amplify_iOS_Sampler_Amplify_iOS_SamplerUITests.framework in Frameworks */ = {isa = PBXBuildFile; fileRef = 005764DE9D8ECB83251E5F5E /* Pods_Amplify_iOS_Sampler_Amplify_iOS_SamplerUITests.framework */; };
		9F8880E685A3875DC0C0CD54 /* Pods_Amplify_iOS_SamplerTests.framework in Frameworks */ = {isa = PBXBuildFile; fileRef = F55919EEF5248016A42E56D7 /* Pods_Amplify_iOS_SamplerTests.framework */; };
		DFC4F55F19CBCFA67B62C4B5 /* Pods_Amplify_iOS_Sampler.framework in Frameworks */ = {isa = PBXBuildFile; fileRef = A708C8E931A5EFC43EED0137 /* Pods_Amplify_iOS_Sampler.framework */; };
/* End PBXBuildFile section */

/* Begin PBXContainerItemProxy section */
		58DA84EC24D9B40600E7DF49 /* PBXContainerItemProxy */ = {
			isa = PBXContainerItemProxy;
			containerPortal = 58DA84CD24D9B40100E7DF49 /* Project object */;
			proxyType = 1;
			remoteGlobalIDString = 58DA84D424D9B40200E7DF49;
			remoteInfo = "Amplify-iOS-Sampler";
		};
		58DA84F724D9B40600E7DF49 /* PBXContainerItemProxy */ = {
			isa = PBXContainerItemProxy;
			containerPortal = 58DA84CD24D9B40100E7DF49 /* Project object */;
			proxyType = 1;
			remoteGlobalIDString = 58DA84D424D9B40200E7DF49;
			remoteInfo = "Amplify-iOS-Sampler";
		};
/* End PBXContainerItemProxy section */

/* Begin PBXFileReference section */
		005764DE9D8ECB83251E5F5E /* Pods_Amplify_iOS_Sampler_Amplify_iOS_SamplerUITests.framework */ = {isa = PBXFileReference; explicitFileType = wrapper.framework; includeInIndex = 0; path = Pods_Amplify_iOS_Sampler_Amplify_iOS_SamplerUITests.framework; sourceTree = BUILT_PRODUCTS_DIR; };
		580FAFCB24DA7265002BBB6F /* LibraryFeatureListViewController.swift */ = {isa = PBXFileReference; fileEncoding = 4; lastKnownFileType = sourcecode.swift; path = LibraryFeatureListViewController.swift; sourceTree = "<group>"; };
		580FAFD224DAE750002BBB6F /* LibraryFeatures.swift */ = {isa = PBXFileReference; lastKnownFileType = sourcecode.swift; path = LibraryFeatures.swift; sourceTree = "<group>"; };
		5856FBE724DAEB4200C0C5C7 /* AnalyticsRecordEventViewController.swift */ = {isa = PBXFileReference; fileEncoding = 4; lastKnownFileType = sourcecode.swift; path = AnalyticsRecordEventViewController.swift; sourceTree = "<group>"; };
		5856FBEA24DAECF400C0C5C7 /* LibraryFeatureViewConvertible.swift */ = {isa = PBXFileReference; lastKnownFileType = sourcecode.swift; path = LibraryFeatureViewConvertible.swift; sourceTree = "<group>"; };
		5856FBED24DAF21100C0C5C7 /* AnalyticsRecordEventViewController.storyboard */ = {isa = PBXFileReference; lastKnownFileType = file.storyboard; path = AnalyticsRecordEventViewController.storyboard; sourceTree = "<group>"; };
		5892378424DA61A6002A59C3 /* definition.json */ = {isa = PBXFileReference; lastKnownFileType = text.json; path = definition.json; sourceTree = "<group>"; };
		5892378624DA6257002A59C3 /* SampleDefinition.swift */ = {isa = PBXFileReference; lastKnownFileType = sourcecode.swift; path = SampleDefinition.swift; sourceTree = "<group>"; };
		58DA84D524D9B40200E7DF49 /* Amplify-iOS-Sampler.app */ = {isa = PBXFileReference; explicitFileType = wrapper.application; includeInIndex = 0; path = "Amplify-iOS-Sampler.app"; sourceTree = BUILT_PRODUCTS_DIR; };
		58DA84D824D9B40200E7DF49 /* AppDelegate.swift */ = {isa = PBXFileReference; lastKnownFileType = sourcecode.swift; path = AppDelegate.swift; sourceTree = "<group>"; };
		58DA84DA24D9B40200E7DF49 /* SceneDelegate.swift */ = {isa = PBXFileReference; lastKnownFileType = sourcecode.swift; path = SceneDelegate.swift; sourceTree = "<group>"; };
		58DA84DC24D9B40200E7DF49 /* RootViewController.swift */ = {isa = PBXFileReference; lastKnownFileType = sourcecode.swift; path = RootViewController.swift; sourceTree = "<group>"; };
		58DA84DF24D9B40200E7DF49 /* Base */ = {isa = PBXFileReference; lastKnownFileType = file.storyboard; name = Base; path = Base.lproj/Main.storyboard; sourceTree = "<group>"; };
		58DA84E124D9B40600E7DF49 /* Assets.xcassets */ = {isa = PBXFileReference; lastKnownFileType = folder.assetcatalog; path = Assets.xcassets; sourceTree = "<group>"; };
		58DA84E424D9B40600E7DF49 /* Base */ = {isa = PBXFileReference; lastKnownFileType = file.storyboard; name = Base; path = Base.lproj/LaunchScreen.storyboard; sourceTree = "<group>"; };
		58DA84E624D9B40600E7DF49 /* Info.plist */ = {isa = PBXFileReference; lastKnownFileType = text.plist.xml; path = Info.plist; sourceTree = "<group>"; };
		58DA84EB24D9B40600E7DF49 /* Amplify-iOS-SamplerTests.xctest */ = {isa = PBXFileReference; explicitFileType = wrapper.cfbundle; includeInIndex = 0; path = "Amplify-iOS-SamplerTests.xctest"; sourceTree = BUILT_PRODUCTS_DIR; };
		58DA84EF24D9B40600E7DF49 /* Amplify_iOS_SamplerTests.swift */ = {isa = PBXFileReference; lastKnownFileType = sourcecode.swift; path = Amplify_iOS_SamplerTests.swift; sourceTree = "<group>"; };
		58DA84F124D9B40600E7DF49 /* Info.plist */ = {isa = PBXFileReference; lastKnownFileType = text.plist.xml; path = Info.plist; sourceTree = "<group>"; };
		58DA84F624D9B40600E7DF49 /* Amplify-iOS-SamplerUITests.xctest */ = {isa = PBXFileReference; explicitFileType = wrapper.cfbundle; includeInIndex = 0; path = "Amplify-iOS-SamplerUITests.xctest"; sourceTree = BUILT_PRODUCTS_DIR; };
		58DA84FA24D9B40600E7DF49 /* Amplify_iOS_SamplerUITests.swift */ = {isa = PBXFileReference; lastKnownFileType = sourcecode.swift; path = Amplify_iOS_SamplerUITests.swift; sourceTree = "<group>"; };
		58DA84FC24D9B40600E7DF49 /* Info.plist */ = {isa = PBXFileReference; lastKnownFileType = text.plist.xml; path = Info.plist; sourceTree = "<group>"; };
		58DA850924D9C3B700E7DF49 /* awsconfiguration.json */ = {isa = PBXFileReference; fileEncoding = 4; lastKnownFileType = text.json; path = awsconfiguration.json; sourceTree = SOURCE_ROOT; };
		58DA850A24D9C3B700E7DF49 /* amplifyconfiguration.json */ = {isa = PBXFileReference; fileEncoding = 4; lastKnownFileType = text.json; path = amplifyconfiguration.json; sourceTree = SOURCE_ROOT; };
		6391C5534ACF708CAA5D8015 /* Pods-Amplify-iOS-SamplerTests.release.xcconfig */ = {isa = PBXFileReference; includeInIndex = 1; lastKnownFileType = text.xcconfig; name = "Pods-Amplify-iOS-SamplerTests.release.xcconfig"; path = "Target Support Files/Pods-Amplify-iOS-SamplerTests/Pods-Amplify-iOS-SamplerTests.release.xcconfig"; sourceTree = "<group>"; };
		6915E76FF471FD6E73BE6BFB /* Pods-Amplify-iOS-Sampler.release.xcconfig */ = {isa = PBXFileReference; includeInIndex = 1; lastKnownFileType = text.xcconfig; name = "Pods-Amplify-iOS-Sampler.release.xcconfig"; path = "Target Support Files/Pods-Amplify-iOS-Sampler/Pods-Amplify-iOS-Sampler.release.xcconfig"; sourceTree = "<group>"; };
		8A7673334C69967022540614 /* Pods-Amplify-iOS-Sampler-Amplify-iOS-SamplerUITests.release.xcconfig */ = {isa = PBXFileReference; includeInIndex = 1; lastKnownFileType = text.xcconfig; name = "Pods-Amplify-iOS-Sampler-Amplify-iOS-SamplerUITests.release.xcconfig"; path = "Target Support Files/Pods-Amplify-iOS-Sampler-Amplify-iOS-SamplerUITests/Pods-Amplify-iOS-Sampler-Amplify-iOS-SamplerUITests.release.xcconfig"; sourceTree = "<group>"; };
		A708C8E931A5EFC43EED0137 /* Pods_Amplify_iOS_Sampler.framework */ = {isa = PBXFileReference; explicitFileType = wrapper.framework; includeInIndex = 0; path = Pods_Amplify_iOS_Sampler.framework; sourceTree = BUILT_PRODUCTS_DIR; };
		D41165B97105DBCE9237BB03 /* Pods-Amplify-iOS-Sampler.debug.xcconfig */ = {isa = PBXFileReference; includeInIndex = 1; lastKnownFileType = text.xcconfig; name = "Pods-Amplify-iOS-Sampler.debug.xcconfig"; path = "Target Support Files/Pods-Amplify-iOS-Sampler/Pods-Amplify-iOS-Sampler.debug.xcconfig"; sourceTree = "<group>"; };
		E7C8ECDE3349C1E9775AD1CE /* Pods-Amplify-iOS-SamplerTests.debug.xcconfig */ = {isa = PBXFileReference; includeInIndex = 1; lastKnownFileType = text.xcconfig; name = "Pods-Amplify-iOS-SamplerTests.debug.xcconfig"; path = "Target Support Files/Pods-Amplify-iOS-SamplerTests/Pods-Amplify-iOS-SamplerTests.debug.xcconfig"; sourceTree = "<group>"; };
		EC0B635C542BC9093AC4BEB7 /* Pods-Amplify-iOS-Sampler-Amplify-iOS-SamplerUITests.debug.xcconfig */ = {isa = PBXFileReference; includeInIndex = 1; lastKnownFileType = text.xcconfig; name = "Pods-Amplify-iOS-Sampler-Amplify-iOS-SamplerUITests.debug.xcconfig"; path = "Target Support Files/Pods-Amplify-iOS-Sampler-Amplify-iOS-SamplerUITests/Pods-Amplify-iOS-Sampler-Amplify-iOS-SamplerUITests.debug.xcconfig"; sourceTree = "<group>"; };
		F55919EEF5248016A42E56D7 /* Pods_Amplify_iOS_SamplerTests.framework */ = {isa = PBXFileReference; explicitFileType = wrapper.framework; includeInIndex = 0; path = Pods_Amplify_iOS_SamplerTests.framework; sourceTree = BUILT_PRODUCTS_DIR; };
/* End PBXFileReference section */

/* Begin PBXFrameworksBuildPhase section */
		58DA84D224D9B40200E7DF49 /* Frameworks */ = {
			isa = PBXFrameworksBuildPhase;
			buildActionMask = 2147483647;
			files = (
				DFC4F55F19CBCFA67B62C4B5 /* Pods_Amplify_iOS_Sampler.framework in Frameworks */,
			);
			runOnlyForDeploymentPostprocessing = 0;
		};
		58DA84E824D9B40600E7DF49 /* Frameworks */ = {
			isa = PBXFrameworksBuildPhase;
			buildActionMask = 2147483647;
			files = (
				9F8880E685A3875DC0C0CD54 /* Pods_Amplify_iOS_SamplerTests.framework in Frameworks */,
			);
			runOnlyForDeploymentPostprocessing = 0;
		};
		58DA84F324D9B40600E7DF49 /* Frameworks */ = {
			isa = PBXFrameworksBuildPhase;
			buildActionMask = 2147483647;
			files = (
				9AA868489041937550808DB0 /* Pods_Amplify_iOS_Sampler_Amplify_iOS_SamplerUITests.framework in Frameworks */,
			);
			runOnlyForDeploymentPostprocessing = 0;
		};
/* End PBXFrameworksBuildPhase section */

/* Begin PBXGroup section */
		07574C7BFFF4E11BB4CFFC22 /* Pods */ = {
			isa = PBXGroup;
			children = (
				D41165B97105DBCE9237BB03 /* Pods-Amplify-iOS-Sampler.debug.xcconfig */,
				6915E76FF471FD6E73BE6BFB /* Pods-Amplify-iOS-Sampler.release.xcconfig */,
				EC0B635C542BC9093AC4BEB7 /* Pods-Amplify-iOS-Sampler-Amplify-iOS-SamplerUITests.debug.xcconfig */,
				8A7673334C69967022540614 /* Pods-Amplify-iOS-Sampler-Amplify-iOS-SamplerUITests.release.xcconfig */,
				E7C8ECDE3349C1E9775AD1CE /* Pods-Amplify-iOS-SamplerTests.debug.xcconfig */,
				6391C5534ACF708CAA5D8015 /* Pods-Amplify-iOS-SamplerTests.release.xcconfig */,
			);
			path = Pods;
			sourceTree = "<group>";
		};
		580FAFCD24DA7881002BBB6F /* Analytics */ = {
			isa = PBXGroup;
			children = (
				5856FBE724DAEB4200C0C5C7 /* AnalyticsRecordEventViewController.swift */,
				5856FBED24DAF21100C0C5C7 /* AnalyticsRecordEventViewController.storyboard */,
			);
			path = Analytics;
			sourceTree = "<group>";
		};
		5856FBE924DAEC9800C0C5C7 /* LibraryFeature */ = {
			isa = PBXGroup;
			children = (
				580FAFCB24DA7265002BBB6F /* LibraryFeatureListViewController.swift */,
				580FAFD224DAE750002BBB6F /* LibraryFeatures.swift */,
				5856FBEA24DAECF400C0C5C7 /* LibraryFeatureViewConvertible.swift */,
			);
			path = LibraryFeature;
			sourceTree = "<group>";
		};
		5856FBEC24DAF0FF00C0C5C7 /* LibraryDefinition */ = {
			isa = PBXGroup;
			children = (
				5892378424DA61A6002A59C3 /* definition.json */,
				5892378624DA6257002A59C3 /* SampleDefinition.swift */,
			);
			path = LibraryDefinition;
			sourceTree = "<group>";
		};
		5892378324DA617B002A59C3 /* Samples */ = {
			isa = PBXGroup;
			children = (
				580FAFCD24DA7881002BBB6F /* Analytics */,
			);
			path = Samples;
			sourceTree = "<group>";
		};
		58DA84CC24D9B40100E7DF49 = {
			isa = PBXGroup;
			children = (
				58DA84D724D9B40200E7DF49 /* Amplify-iOS-Sampler */,
				58DA84EE24D9B40600E7DF49 /* Amplify-iOS-SamplerTests */,
				58DA84F924D9B40600E7DF49 /* Amplify-iOS-SamplerUITests */,
				58DA84D624D9B40200E7DF49 /* Products */,
				07574C7BFFF4E11BB4CFFC22 /* Pods */,
				AE929C5778A1DEF35CE34898 /* Frameworks */,
			);
			sourceTree = "<group>";
		};
		58DA84D624D9B40200E7DF49 /* Products */ = {
			isa = PBXGroup;
			children = (
				58DA84D524D9B40200E7DF49 /* Amplify-iOS-Sampler.app */,
				58DA84EB24D9B40600E7DF49 /* Amplify-iOS-SamplerTests.xctest */,
				58DA84F624D9B40600E7DF49 /* Amplify-iOS-SamplerUITests.xctest */,
			);
			name = Products;
			sourceTree = "<group>";
		};
		58DA84D724D9B40200E7DF49 /* Amplify-iOS-Sampler */ = {
			isa = PBXGroup;
			children = (
				58DA84D824D9B40200E7DF49 /* AppDelegate.swift */,
				58DA84DA24D9B40200E7DF49 /* SceneDelegate.swift */,
				58DA84DC24D9B40200E7DF49 /* RootViewController.swift */,
				58DA850824D9C37300E7DF49 /* Amplify */,
				5856FBEC24DAF0FF00C0C5C7 /* LibraryDefinition */,
				5856FBE924DAEC9800C0C5C7 /* LibraryFeature */,
				5892378324DA617B002A59C3 /* Samples */,
				58DA84DE24D9B40200E7DF49 /* Main.storyboard */,
				58DA84E124D9B40600E7DF49 /* Assets.xcassets */,
				58DA84E324D9B40600E7DF49 /* LaunchScreen.storyboard */,
				58DA84E624D9B40600E7DF49 /* Info.plist */,
			);
			path = "Amplify-iOS-Sampler";
			sourceTree = "<group>";
		};
		58DA84EE24D9B40600E7DF49 /* Amplify-iOS-SamplerTests */ = {
			isa = PBXGroup;
			children = (
				58DA84EF24D9B40600E7DF49 /* Amplify_iOS_SamplerTests.swift */,
				58DA84F124D9B40600E7DF49 /* Info.plist */,
			);
			path = "Amplify-iOS-SamplerTests";
			sourceTree = "<group>";
		};
		58DA84F924D9B40600E7DF49 /* Amplify-iOS-SamplerUITests */ = {
			isa = PBXGroup;
			children = (
				58DA84FA24D9B40600E7DF49 /* Amplify_iOS_SamplerUITests.swift */,
				58DA84FC24D9B40600E7DF49 /* Info.plist */,
			);
			path = "Amplify-iOS-SamplerUITests";
			sourceTree = "<group>";
		};
		58DA850824D9C37300E7DF49 /* Amplify */ = {
			isa = PBXGroup;
			children = (
				58DA850A24D9C3B700E7DF49 /* amplifyconfiguration.json */,
				58DA850924D9C3B700E7DF49 /* awsconfiguration.json */,
			);
			path = Amplify;
			sourceTree = "<group>";
		};
		AE929C5778A1DEF35CE34898 /* Frameworks */ = {
			isa = PBXGroup;
			children = (
				A708C8E931A5EFC43EED0137 /* Pods_Amplify_iOS_Sampler.framework */,
				005764DE9D8ECB83251E5F5E /* Pods_Amplify_iOS_Sampler_Amplify_iOS_SamplerUITests.framework */,
				F55919EEF5248016A42E56D7 /* Pods_Amplify_iOS_SamplerTests.framework */,
			);
			name = Frameworks;
			sourceTree = "<group>";
		};
/* End PBXGroup section */

/* Begin PBXNativeTarget section */
		58DA84D424D9B40200E7DF49 /* Amplify-iOS-Sampler */ = {
			isa = PBXNativeTarget;
			buildConfigurationList = 58DA84FF24D9B40600E7DF49 /* Build configuration list for PBXNativeTarget "Amplify-iOS-Sampler" */;
			buildPhases = (
				0745D26B2A5FEE48A257FF17 /* [CP] Check Pods Manifest.lock */,
				58B321D424DBD21E0039D71C /* Run Amplify Tools */,
				58DA84D124D9B40200E7DF49 /* Sources */,
				58DA84D224D9B40200E7DF49 /* Frameworks */,
				58DA84D324D9B40200E7DF49 /* Resources */,
				4C06D4DEF2E9EFEC1E40C930 /* [CP] Embed Pods Frameworks */,
			);
			buildRules = (
			);
			dependencies = (
			);
			name = "Amplify-iOS-Sampler";
			productName = "Amplify-iOS-Sampler";
			productReference = 58DA84D524D9B40200E7DF49 /* Amplify-iOS-Sampler.app */;
			productType = "com.apple.product-type.application";
		};
		58DA84EA24D9B40600E7DF49 /* Amplify-iOS-SamplerTests */ = {
			isa = PBXNativeTarget;
			buildConfigurationList = 58DA850224D9B40600E7DF49 /* Build configuration list for PBXNativeTarget "Amplify-iOS-SamplerTests" */;
			buildPhases = (
				542274FECE936661ABD469DE /* [CP] Check Pods Manifest.lock */,
				58DA84E724D9B40600E7DF49 /* Sources */,
				58DA84E824D9B40600E7DF49 /* Frameworks */,
				58DA84E924D9B40600E7DF49 /* Resources */,
			);
			buildRules = (
			);
			dependencies = (
				58DA84ED24D9B40600E7DF49 /* PBXTargetDependency */,
			);
			name = "Amplify-iOS-SamplerTests";
			productName = "Amplify-iOS-SamplerTests";
			productReference = 58DA84EB24D9B40600E7DF49 /* Amplify-iOS-SamplerTests.xctest */;
			productType = "com.apple.product-type.bundle.unit-test";
		};
		58DA84F524D9B40600E7DF49 /* Amplify-iOS-SamplerUITests */ = {
			isa = PBXNativeTarget;
			buildConfigurationList = 58DA850524D9B40600E7DF49 /* Build configuration list for PBXNativeTarget "Amplify-iOS-SamplerUITests" */;
			buildPhases = (
				7D29BFC06C06C0E6134C191F /* [CP] Check Pods Manifest.lock */,
				58DA84F224D9B40600E7DF49 /* Sources */,
				58DA84F324D9B40600E7DF49 /* Frameworks */,
				58DA84F424D9B40600E7DF49 /* Resources */,
				03DD1AF440E7D3F3DAD69738 /* [CP] Embed Pods Frameworks */,
			);
			buildRules = (
			);
			dependencies = (
				58DA84F824D9B40600E7DF49 /* PBXTargetDependency */,
			);
			name = "Amplify-iOS-SamplerUITests";
			productName = "Amplify-iOS-SamplerUITests";
			productReference = 58DA84F624D9B40600E7DF49 /* Amplify-iOS-SamplerUITests.xctest */;
			productType = "com.apple.product-type.bundle.ui-testing";
		};
/* End PBXNativeTarget section */

/* Begin PBXProject section */
		58DA84CD24D9B40100E7DF49 /* Project object */ = {
			isa = PBXProject;
			attributes = {
				LastSwiftUpdateCheck = 1160;
				LastUpgradeCheck = 1160;
				ORGANIZATIONNAME = "Motodera, Hiromi";
				TargetAttributes = {
					58DA84D424D9B40200E7DF49 = {
						CreatedOnToolsVersion = 11.6;
					};
					58DA84EA24D9B40600E7DF49 = {
						CreatedOnToolsVersion = 11.6;
						TestTargetID = 58DA84D424D9B40200E7DF49;
					};
					58DA84F524D9B40600E7DF49 = {
						CreatedOnToolsVersion = 11.6;
						TestTargetID = 58DA84D424D9B40200E7DF49;
					};
				};
			};
			buildConfigurationList = 58DA84D024D9B40100E7DF49 /* Build configuration list for PBXProject "Amplify-iOS-Sampler" */;
			compatibilityVersion = "Xcode 9.3";
			developmentRegion = en;
			hasScannedForEncodings = 0;
			knownRegions = (
				en,
				Base,
			);
			mainGroup = 58DA84CC24D9B40100E7DF49;
			productRefGroup = 58DA84D624D9B40200E7DF49 /* Products */;
			projectDirPath = "";
			projectRoot = "";
			targets = (
				58DA84D424D9B40200E7DF49 /* Amplify-iOS-Sampler */,
				58DA84EA24D9B40600E7DF49 /* Amplify-iOS-SamplerTests */,
				58DA84F524D9B40600E7DF49 /* Amplify-iOS-SamplerUITests */,
			);
		};
/* End PBXProject section */

/* Begin PBXResourcesBuildPhase section */
		58DA84D324D9B40200E7DF49 /* Resources */ = {
			isa = PBXResourcesBuildPhase;
			buildActionMask = 2147483647;
			files = (
				58DA850B24D9C3B700E7DF49 /* awsconfiguration.json in Resources */,
				58DA84E524D9B40600E7DF49 /* LaunchScreen.storyboard in Resources */,
				5892378524DA61A6002A59C3 /* definition.json in Resources */,
				58DA850C24D9C3B700E7DF49 /* amplifyconfiguration.json in Resources */,
				58DA84E224D9B40600E7DF49 /* Assets.xcassets in Resources */,
				58DA84E024D9B40200E7DF49 /* Main.storyboard in Resources */,
				5856FBEE24DAF21100C0C5C7 /* AnalyticsRecordEventViewController.storyboard in Resources */,
			);
			runOnlyForDeploymentPostprocessing = 0;
		};
		58DA84E924D9B40600E7DF49 /* Resources */ = {
			isa = PBXResourcesBuildPhase;
			buildActionMask = 2147483647;
			files = (
			);
			runOnlyForDeploymentPostprocessing = 0;
		};
		58DA84F424D9B40600E7DF49 /* Resources */ = {
			isa = PBXResourcesBuildPhase;
			buildActionMask = 2147483647;
			files = (
			);
			runOnlyForDeploymentPostprocessing = 0;
		};
/* End PBXResourcesBuildPhase section */

/* Begin PBXShellScriptBuildPhase section */
		03DD1AF440E7D3F3DAD69738 /* [CP] Embed Pods Frameworks */ = {
			isa = PBXShellScriptBuildPhase;
			buildActionMask = 2147483647;
			files = (
			);
			inputFileListPaths = (
				"${PODS_ROOT}/Target Support Files/Pods-Amplify-iOS-Sampler-Amplify-iOS-SamplerUITests/Pods-Amplify-iOS-Sampler-Amplify-iOS-SamplerUITests-frameworks-${CONFIGURATION}-input-files.xcfilelist",
			);
			name = "[CP] Embed Pods Frameworks";
			outputFileListPaths = (
				"${PODS_ROOT}/Target Support Files/Pods-Amplify-iOS-Sampler-Amplify-iOS-SamplerUITests/Pods-Amplify-iOS-Sampler-Amplify-iOS-SamplerUITests-frameworks-${CONFIGURATION}-output-files.xcfilelist",
			);
			runOnlyForDeploymentPostprocessing = 0;
			shellPath = /bin/sh;
			shellScript = "\"${PODS_ROOT}/Target Support Files/Pods-Amplify-iOS-Sampler-Amplify-iOS-SamplerUITests/Pods-Amplify-iOS-Sampler-Amplify-iOS-SamplerUITests-frameworks.sh\"\n";
			showEnvVarsInLog = 0;
		};
		0745D26B2A5FEE48A257FF17 /* [CP] Check Pods Manifest.lock */ = {
			isa = PBXShellScriptBuildPhase;
			buildActionMask = 2147483647;
			files = (
			);
			inputFileListPaths = (
			);
			inputPaths = (
				"${PODS_PODFILE_DIR_PATH}/Podfile.lock",
				"${PODS_ROOT}/Manifest.lock",
			);
			name = "[CP] Check Pods Manifest.lock";
			outputFileListPaths = (
			);
			outputPaths = (
				"$(DERIVED_FILE_DIR)/Pods-Amplify-iOS-Sampler-checkManifestLockResult.txt",
			);
			runOnlyForDeploymentPostprocessing = 0;
			shellPath = /bin/sh;
			shellScript = "diff \"${PODS_PODFILE_DIR_PATH}/Podfile.lock\" \"${PODS_ROOT}/Manifest.lock\" > /dev/null\nif [ $? != 0 ] ; then\n    # print error to STDERR\n    echo \"error: The sandbox is not in sync with the Podfile.lock. Run 'pod install' or update your CocoaPods installation.\" >&2\n    exit 1\nfi\n# This output is used by Xcode 'outputs' to avoid re-running this script phase.\necho \"SUCCESS\" > \"${SCRIPT_OUTPUT_FILE_0}\"\n";
			showEnvVarsInLog = 0;
		};
		4C06D4DEF2E9EFEC1E40C930 /* [CP] Embed Pods Frameworks */ = {
			isa = PBXShellScriptBuildPhase;
			buildActionMask = 2147483647;
			files = (
			);
			inputFileListPaths = (
				"${PODS_ROOT}/Target Support Files/Pods-Amplify-iOS-Sampler/Pods-Amplify-iOS-Sampler-frameworks-${CONFIGURATION}-input-files.xcfilelist",
			);
			name = "[CP] Embed Pods Frameworks";
			outputFileListPaths = (
				"${PODS_ROOT}/Target Support Files/Pods-Amplify-iOS-Sampler/Pods-Amplify-iOS-Sampler-frameworks-${CONFIGURATION}-output-files.xcfilelist",
			);
			runOnlyForDeploymentPostprocessing = 0;
			shellPath = /bin/sh;
			shellScript = "\"${PODS_ROOT}/Target Support Files/Pods-Amplify-iOS-Sampler/Pods-Amplify-iOS-Sampler-frameworks.sh\"\n";
			showEnvVarsInLog = 0;
		};
		542274FECE936661ABD469DE /* [CP] Check Pods Manifest.lock */ = {
			isa = PBXShellScriptBuildPhase;
			buildActionMask = 2147483647;
			files = (
			);
			inputFileListPaths = (
			);
			inputPaths = (
				"${PODS_PODFILE_DIR_PATH}/Podfile.lock",
				"${PODS_ROOT}/Manifest.lock",
			);
			name = "[CP] Check Pods Manifest.lock";
			outputFileListPaths = (
			);
			outputPaths = (
				"$(DERIVED_FILE_DIR)/Pods-Amplify-iOS-SamplerTests-checkManifestLockResult.txt",
			);
			runOnlyForDeploymentPostprocessing = 0;
			shellPath = /bin/sh;
			shellScript = "diff \"${PODS_PODFILE_DIR_PATH}/Podfile.lock\" \"${PODS_ROOT}/Manifest.lock\" > /dev/null\nif [ $? != 0 ] ; then\n    # print error to STDERR\n    echo \"error: The sandbox is not in sync with the Podfile.lock. Run 'pod install' or update your CocoaPods installation.\" >&2\n    exit 1\nfi\n# This output is used by Xcode 'outputs' to avoid re-running this script phase.\necho \"SUCCESS\" > \"${SCRIPT_OUTPUT_FILE_0}\"\n";
			showEnvVarsInLog = 0;
		};
		58B321D424DBD21E0039D71C /* Run Amplify Tools */ = {
			isa = PBXShellScriptBuildPhase;
			buildActionMask = 2147483647;
			files = (
			);
			inputFileListPaths = (
			);
			inputPaths = (
			);
			name = "Run Amplify Tools";
			outputFileListPaths = (
			);
			outputPaths = (
			);
			runOnlyForDeploymentPostprocessing = 0;
			shellPath = /bin/sh;
			shellScript = "\"${PODS_ROOT}/AmplifyTools/amplify-tools.sh\"\n";
		};
		7D29BFC06C06C0E6134C191F /* [CP] Check Pods Manifest.lock */ = {
			isa = PBXShellScriptBuildPhase;
			buildActionMask = 2147483647;
			files = (
			);
			inputFileListPaths = (
			);
			inputPaths = (
				"${PODS_PODFILE_DIR_PATH}/Podfile.lock",
				"${PODS_ROOT}/Manifest.lock",
			);
			name = "[CP] Check Pods Manifest.lock";
			outputFileListPaths = (
			);
			outputPaths = (
				"$(DERIVED_FILE_DIR)/Pods-Amplify-iOS-Sampler-Amplify-iOS-SamplerUITests-checkManifestLockResult.txt",
			);
			runOnlyForDeploymentPostprocessing = 0;
			shellPath = /bin/sh;
			shellScript = "diff \"${PODS_PODFILE_DIR_PATH}/Podfile.lock\" \"${PODS_ROOT}/Manifest.lock\" > /dev/null\nif [ $? != 0 ] ; then\n    # print error to STDERR\n    echo \"error: The sandbox is not in sync with the Podfile.lock. Run 'pod install' or update your CocoaPods installation.\" >&2\n    exit 1\nfi\n# This output is used by Xcode 'outputs' to avoid re-running this script phase.\necho \"SUCCESS\" > \"${SCRIPT_OUTPUT_FILE_0}\"\n";
			showEnvVarsInLog = 0;
		};
/* End PBXShellScriptBuildPhase section */

/* Begin PBXSourcesBuildPhase section */
		58DA84D124D9B40200E7DF49 /* Sources */ = {
			isa = PBXSourcesBuildPhase;
			buildActionMask = 2147483647;
			files = (
				580FAFD324DAE750002BBB6F /* LibraryFeatures.swift in Sources */,
				5892378724DA6257002A59C3 /* SampleDefinition.swift in Sources */,
				58DA84DD24D9B40200E7DF49 /* RootViewController.swift in Sources */,
				5856FBE824DAEB4200C0C5C7 /* AnalyticsRecordEventViewController.swift in Sources */,
				58DA84D924D9B40200E7DF49 /* AppDelegate.swift in Sources */,
				58DA84DB24D9B40200E7DF49 /* SceneDelegate.swift in Sources */,
				580FAFCC24DA7265002BBB6F /* LibraryFeatureListViewController.swift in Sources */,
				5856FBEB24DAECF400C0C5C7 /* LibraryFeatureViewConvertible.swift in Sources */,
			);
			runOnlyForDeploymentPostprocessing = 0;
		};
		58DA84E724D9B40600E7DF49 /* Sources */ = {
			isa = PBXSourcesBuildPhase;
			buildActionMask = 2147483647;
			files = (
				58DA84F024D9B40600E7DF49 /* Amplify_iOS_SamplerTests.swift in Sources */,
			);
			runOnlyForDeploymentPostprocessing = 0;
		};
		58DA84F224D9B40600E7DF49 /* Sources */ = {
			isa = PBXSourcesBuildPhase;
			buildActionMask = 2147483647;
			files = (
				58DA84FB24D9B40600E7DF49 /* Amplify_iOS_SamplerUITests.swift in Sources */,
			);
			runOnlyForDeploymentPostprocessing = 0;
		};
/* End PBXSourcesBuildPhase section */

/* Begin PBXTargetDependency section */
		58DA84ED24D9B40600E7DF49 /* PBXTargetDependency */ = {
			isa = PBXTargetDependency;
			target = 58DA84D424D9B40200E7DF49 /* Amplify-iOS-Sampler */;
			targetProxy = 58DA84EC24D9B40600E7DF49 /* PBXContainerItemProxy */;
		};
		58DA84F824D9B40600E7DF49 /* PBXTargetDependency */ = {
			isa = PBXTargetDependency;
			target = 58DA84D424D9B40200E7DF49 /* Amplify-iOS-Sampler */;
			targetProxy = 58DA84F724D9B40600E7DF49 /* PBXContainerItemProxy */;
		};
/* End PBXTargetDependency section */

/* Begin PBXVariantGroup section */
		58DA84DE24D9B40200E7DF49 /* Main.storyboard */ = {
			isa = PBXVariantGroup;
			children = (
				58DA84DF24D9B40200E7DF49 /* Base */,
			);
			name = Main.storyboard;
			sourceTree = "<group>";
		};
		58DA84E324D9B40600E7DF49 /* LaunchScreen.storyboard */ = {
			isa = PBXVariantGroup;
			children = (
				58DA84E424D9B40600E7DF49 /* Base */,
			);
			name = LaunchScreen.storyboard;
			sourceTree = "<group>";
		};
/* End PBXVariantGroup section */

/* Begin XCBuildConfiguration section */
		58DA84FD24D9B40600E7DF49 /* Debug */ = {
			isa = XCBuildConfiguration;
			buildSettings = {
				ALWAYS_SEARCH_USER_PATHS = NO;
				CLANG_ANALYZER_NONNULL = YES;
				CLANG_ANALYZER_NUMBER_OBJECT_CONVERSION = YES_AGGRESSIVE;
				CLANG_CXX_LANGUAGE_STANDARD = "gnu++14";
				CLANG_CXX_LIBRARY = "libc++";
				CLANG_ENABLE_MODULES = YES;
				CLANG_ENABLE_OBJC_ARC = YES;
				CLANG_ENABLE_OBJC_WEAK = YES;
				CLANG_WARN_BLOCK_CAPTURE_AUTORELEASING = YES;
				CLANG_WARN_BOOL_CONVERSION = YES;
				CLANG_WARN_COMMA = YES;
				CLANG_WARN_CONSTANT_CONVERSION = YES;
				CLANG_WARN_DEPRECATED_OBJC_IMPLEMENTATIONS = YES;
				CLANG_WARN_DIRECT_OBJC_ISA_USAGE = YES_ERROR;
				CLANG_WARN_DOCUMENTATION_COMMENTS = YES;
				CLANG_WARN_EMPTY_BODY = YES;
				CLANG_WARN_ENUM_CONVERSION = YES;
				CLANG_WARN_INFINITE_RECURSION = YES;
				CLANG_WARN_INT_CONVERSION = YES;
				CLANG_WARN_NON_LITERAL_NULL_CONVERSION = YES;
				CLANG_WARN_OBJC_IMPLICIT_RETAIN_SELF = YES;
				CLANG_WARN_OBJC_LITERAL_CONVERSION = YES;
				CLANG_WARN_OBJC_ROOT_CLASS = YES_ERROR;
				CLANG_WARN_RANGE_LOOP_ANALYSIS = YES;
				CLANG_WARN_STRICT_PROTOTYPES = YES;
				CLANG_WARN_SUSPICIOUS_MOVE = YES;
				CLANG_WARN_UNGUARDED_AVAILABILITY = YES_AGGRESSIVE;
				CLANG_WARN_UNREACHABLE_CODE = YES;
				CLANG_WARN__DUPLICATE_METHOD_MATCH = YES;
				COPY_PHASE_STRIP = NO;
				DEBUG_INFORMATION_FORMAT = dwarf;
				ENABLE_STRICT_OBJC_MSGSEND = YES;
				ENABLE_TESTABILITY = YES;
				GCC_C_LANGUAGE_STANDARD = gnu11;
				GCC_DYNAMIC_NO_PIC = NO;
				GCC_NO_COMMON_BLOCKS = YES;
				GCC_OPTIMIZATION_LEVEL = 0;
				GCC_PREPROCESSOR_DEFINITIONS = (
					"DEBUG=1",
					"$(inherited)",
				);
				GCC_WARN_64_TO_32_BIT_CONVERSION = YES;
				GCC_WARN_ABOUT_RETURN_TYPE = YES_ERROR;
				GCC_WARN_UNDECLARED_SELECTOR = YES;
				GCC_WARN_UNINITIALIZED_AUTOS = YES_AGGRESSIVE;
				GCC_WARN_UNUSED_FUNCTION = YES;
				GCC_WARN_UNUSED_VARIABLE = YES;
				IPHONEOS_DEPLOYMENT_TARGET = 13.6;
				MTL_ENABLE_DEBUG_INFO = INCLUDE_SOURCE;
				MTL_FAST_MATH = YES;
				ONLY_ACTIVE_ARCH = YES;
				SDKROOT = iphoneos;
				SWIFT_ACTIVE_COMPILATION_CONDITIONS = DEBUG;
				SWIFT_OPTIMIZATION_LEVEL = "-Onone";
			};
			name = Debug;
		};
		58DA84FE24D9B40600E7DF49 /* Release */ = {
			isa = XCBuildConfiguration;
			buildSettings = {
				ALWAYS_SEARCH_USER_PATHS = NO;
				CLANG_ANALYZER_NONNULL = YES;
				CLANG_ANALYZER_NUMBER_OBJECT_CONVERSION = YES_AGGRESSIVE;
				CLANG_CXX_LANGUAGE_STANDARD = "gnu++14";
				CLANG_CXX_LIBRARY = "libc++";
				CLANG_ENABLE_MODULES = YES;
				CLANG_ENABLE_OBJC_ARC = YES;
				CLANG_ENABLE_OBJC_WEAK = YES;
				CLANG_WARN_BLOCK_CAPTURE_AUTORELEASING = YES;
				CLANG_WARN_BOOL_CONVERSION = YES;
				CLANG_WARN_COMMA = YES;
				CLANG_WARN_CONSTANT_CONVERSION = YES;
				CLANG_WARN_DEPRECATED_OBJC_IMPLEMENTATIONS = YES;
				CLANG_WARN_DIRECT_OBJC_ISA_USAGE = YES_ERROR;
				CLANG_WARN_DOCUMENTATION_COMMENTS = YES;
				CLANG_WARN_EMPTY_BODY = YES;
				CLANG_WARN_ENUM_CONVERSION = YES;
				CLANG_WARN_INFINITE_RECURSION = YES;
				CLANG_WARN_INT_CONVERSION = YES;
				CLANG_WARN_NON_LITERAL_NULL_CONVERSION = YES;
				CLANG_WARN_OBJC_IMPLICIT_RETAIN_SELF = YES;
				CLANG_WARN_OBJC_LITERAL_CONVERSION = YES;
				CLANG_WARN_OBJC_ROOT_CLASS = YES_ERROR;
				CLANG_WARN_RANGE_LOOP_ANALYSIS = YES;
				CLANG_WARN_STRICT_PROTOTYPES = YES;
				CLANG_WARN_SUSPICIOUS_MOVE = YES;
				CLANG_WARN_UNGUARDED_AVAILABILITY = YES_AGGRESSIVE;
				CLANG_WARN_UNREACHABLE_CODE = YES;
				CLANG_WARN__DUPLICATE_METHOD_MATCH = YES;
				COPY_PHASE_STRIP = NO;
				DEBUG_INFORMATION_FORMAT = "dwarf-with-dsym";
				ENABLE_NS_ASSERTIONS = NO;
				ENABLE_STRICT_OBJC_MSGSEND = YES;
				GCC_C_LANGUAGE_STANDARD = gnu11;
				GCC_NO_COMMON_BLOCKS = YES;
				GCC_WARN_64_TO_32_BIT_CONVERSION = YES;
				GCC_WARN_ABOUT_RETURN_TYPE = YES_ERROR;
				GCC_WARN_UNDECLARED_SELECTOR = YES;
				GCC_WARN_UNINITIALIZED_AUTOS = YES_AGGRESSIVE;
				GCC_WARN_UNUSED_FUNCTION = YES;
				GCC_WARN_UNUSED_VARIABLE = YES;
				IPHONEOS_DEPLOYMENT_TARGET = 13.6;
				MTL_ENABLE_DEBUG_INFO = NO;
				MTL_FAST_MATH = YES;
				SDKROOT = iphoneos;
				SWIFT_COMPILATION_MODE = wholemodule;
				SWIFT_OPTIMIZATION_LEVEL = "-O";
				VALIDATE_PRODUCT = YES;
			};
			name = Release;
		};
		58DA850024D9B40600E7DF49 /* Debug */ = {
			isa = XCBuildConfiguration;
			baseConfigurationReference = D41165B97105DBCE9237BB03 /* Pods-Amplify-iOS-Sampler.debug.xcconfig */;
			buildSettings = {
				ASSETCATALOG_COMPILER_APPICON_NAME = AppIcon;
				CODE_SIGN_STYLE = Automatic;
				INFOPLIST_FILE = "Amplify-iOS-Sampler/Info.plist";
				LD_RUNPATH_SEARCH_PATHS = (
					"$(inherited)",
					"@executable_path/Frameworks",
				);
				PRODUCT_BUNDLE_IDENTIFIER = "moaible.Amplify-iOS-Sampler";
				PRODUCT_NAME = "$(TARGET_NAME)";
				SWIFT_VERSION = 5.0;
				TARGETED_DEVICE_FAMILY = "1,2";
			};
			name = Debug;
		};
		58DA850124D9B40600E7DF49 /* Release */ = {
			isa = XCBuildConfiguration;
			baseConfigurationReference = 6915E76FF471FD6E73BE6BFB /* Pods-Amplify-iOS-Sampler.release.xcconfig */;
			buildSettings = {
				ASSETCATALOG_COMPILER_APPICON_NAME = AppIcon;
				CODE_SIGN_STYLE = Automatic;
				INFOPLIST_FILE = "Amplify-iOS-Sampler/Info.plist";
				LD_RUNPATH_SEARCH_PATHS = (
					"$(inherited)",
					"@executable_path/Frameworks",
				);
				PRODUCT_BUNDLE_IDENTIFIER = "moaible.Amplify-iOS-Sampler";
				PRODUCT_NAME = "$(TARGET_NAME)";
				SWIFT_VERSION = 5.0;
				TARGETED_DEVICE_FAMILY = "1,2";
			};
			name = Release;
		};
		58DA850324D9B40600E7DF49 /* Debug */ = {
			isa = XCBuildConfiguration;
			baseConfigurationReference = E7C8ECDE3349C1E9775AD1CE /* Pods-Amplify-iOS-SamplerTests.debug.xcconfig */;
			buildSettings = {
				ALWAYS_EMBED_SWIFT_STANDARD_LIBRARIES = "$(inherited)";
				BUNDLE_LOADER = "$(TEST_HOST)";
				CODE_SIGN_STYLE = Automatic;
				INFOPLIST_FILE = "Amplify-iOS-SamplerTests/Info.plist";
				IPHONEOS_DEPLOYMENT_TARGET = 13.6;
				LD_RUNPATH_SEARCH_PATHS = (
					"$(inherited)",
					"@executable_path/Frameworks",
					"@loader_path/Frameworks",
				);
				PRODUCT_BUNDLE_IDENTIFIER = "moaible.Amplify-iOS-SamplerTests";
				PRODUCT_NAME = "$(TARGET_NAME)";
				SWIFT_VERSION = 5.0;
				TARGETED_DEVICE_FAMILY = "1,2";
				TEST_HOST = "$(BUILT_PRODUCTS_DIR)/Amplify-iOS-Sampler.app/Amplify-iOS-Sampler";
			};
			name = Debug;
		};
		58DA850424D9B40600E7DF49 /* Release */ = {
			isa = XCBuildConfiguration;
			baseConfigurationReference = 6391C5534ACF708CAA5D8015 /* Pods-Amplify-iOS-SamplerTests.release.xcconfig */;
			buildSettings = {
				ALWAYS_EMBED_SWIFT_STANDARD_LIBRARIES = "$(inherited)";
				BUNDLE_LOADER = "$(TEST_HOST)";
				CODE_SIGN_STYLE = Automatic;
				INFOPLIST_FILE = "Amplify-iOS-SamplerTests/Info.plist";
				IPHONEOS_DEPLOYMENT_TARGET = 13.6;
				LD_RUNPATH_SEARCH_PATHS = (
					"$(inherited)",
					"@executable_path/Frameworks",
					"@loader_path/Frameworks",
				);
				PRODUCT_BUNDLE_IDENTIFIER = "moaible.Amplify-iOS-SamplerTests";
				PRODUCT_NAME = "$(TARGET_NAME)";
				SWIFT_VERSION = 5.0;
				TARGETED_DEVICE_FAMILY = "1,2";
				TEST_HOST = "$(BUILT_PRODUCTS_DIR)/Amplify-iOS-Sampler.app/Amplify-iOS-Sampler";
			};
			name = Release;
		};
		58DA850624D9B40600E7DF49 /* Debug */ = {
			isa = XCBuildConfiguration;
			baseConfigurationReference = EC0B635C542BC9093AC4BEB7 /* Pods-Amplify-iOS-Sampler-Amplify-iOS-SamplerUITests.debug.xcconfig */;
			buildSettings = {
				ALWAYS_EMBED_SWIFT_STANDARD_LIBRARIES = "$(inherited)";
				CODE_SIGN_STYLE = Automatic;
				INFOPLIST_FILE = "Amplify-iOS-SamplerUITests/Info.plist";
				LD_RUNPATH_SEARCH_PATHS = (
					"$(inherited)",
					"@executable_path/Frameworks",
					"@loader_path/Frameworks",
				);
				PRODUCT_BUNDLE_IDENTIFIER = "moaible.Amplify-iOS-SamplerUITests";
				PRODUCT_NAME = "$(TARGET_NAME)";
				SWIFT_VERSION = 5.0;
				TARGETED_DEVICE_FAMILY = "1,2";
				TEST_TARGET_NAME = "Amplify-iOS-Sampler";
			};
			name = Debug;
		};
		58DA850724D9B40600E7DF49 /* Release */ = {
			isa = XCBuildConfiguration;
			baseConfigurationReference = 8A7673334C69967022540614 /* Pods-Amplify-iOS-Sampler-Amplify-iOS-SamplerUITests.release.xcconfig */;
			buildSettings = {
				ALWAYS_EMBED_SWIFT_STANDARD_LIBRARIES = "$(inherited)";
				CODE_SIGN_STYLE = Automatic;
				INFOPLIST_FILE = "Amplify-iOS-SamplerUITests/Info.plist";
				LD_RUNPATH_SEARCH_PATHS = (
					"$(inherited)",
					"@executable_path/Frameworks",
					"@loader_path/Frameworks",
				);
				PRODUCT_BUNDLE_IDENTIFIER = "moaible.Amplify-iOS-SamplerUITests";
				PRODUCT_NAME = "$(TARGET_NAME)";
				SWIFT_VERSION = 5.0;
				TARGETED_DEVICE_FAMILY = "1,2";
				TEST_TARGET_NAME = "Amplify-iOS-Sampler";
			};
			name = Release;
		};
/* End XCBuildConfiguration section */

/* Begin XCConfigurationList section */
		58DA84D024D9B40100E7DF49 /* Build configuration list for PBXProject "Amplify-iOS-Sampler" */ = {
			isa = XCConfigurationList;
			buildConfigurations = (
				58DA84FD24D9B40600E7DF49 /* Debug */,
				58DA84FE24D9B40600E7DF49 /* Release */,
			);
			defaultConfigurationIsVisible = 0;
			defaultConfigurationName = Release;
		};
		58DA84FF24D9B40600E7DF49 /* Build configuration list for PBXNativeTarget "Amplify-iOS-Sampler" */ = {
			isa = XCConfigurationList;
			buildConfigurations = (
				58DA850024D9B40600E7DF49 /* Debug */,
				58DA850124D9B40600E7DF49 /* Release */,
			);
			defaultConfigurationIsVisible = 0;
			defaultConfigurationName = Release;
		};
		58DA850224D9B40600E7DF49 /* Build configuration list for PBXNativeTarget "Amplify-iOS-SamplerTests" */ = {
			isa = XCConfigurationList;
			buildConfigurations = (
				58DA850324D9B40600E7DF49 /* Debug */,
				58DA850424D9B40600E7DF49 /* Release */,
			);
			defaultConfigurationIsVisible = 0;
			defaultConfigurationName = Release;
		};
		58DA850524D9B40600E7DF49 /* Build configuration list for PBXNativeTarget "Amplify-iOS-SamplerUITests" */ = {
			isa = XCConfigurationList;
			buildConfigurations = (
				58DA850624D9B40600E7DF49 /* Debug */,
				58DA850724D9B40600E7DF49 /* Release */,
			);
			defaultConfigurationIsVisible = 0;
			defaultConfigurationName = Release;
		};
/* End XCConfigurationList section */
	};
	rootObject = 58DA84CD24D9B40100E7DF49 /* Project object */;
}
